
Microsoft Visual Studio Solution File, Format Version 12.00
Project("{FAE04EC0-301F-11D3-BF4B-00C04F79EFBC}") = "Domain", "src\Domain\Domain.csproj", "{40C3345A-8B20-4C56-8D49-56C528C2F616}"
EndProject
Project("{2150E333-8FDC-42A3-9474-1A3956D46DE8}") = "src", "src", "{A8F1BF1D-4E8D-4B8C-8268-945453677C28}"
EndProject
Project("{FAE04EC0-301F-11D3-BF4B-00C04F79EFBC}") = "API", "src\API\API.csproj", "{B83BE816-9DCF-43E6-927A-7D993BA362D5}"
EndProject
Project("{FAE04EC0-301F-11D3-BF4B-00C04F79EFBC}") = "Application", "src\Application\Application.csproj", "{0451F7D4-E143-4ADC-81E4-E9C8A00B92A7}"
EndProject
Project("{FAE04EC0-301F-11D3-BF4B-00C04F79EFBC}") = "DAL", "src\DAL\DAL.csproj", "{2BEC384E-4C13-4A0F-93A4-A768C66AD7FE}"
EndProject
Global
	GlobalSection(SolutionConfigurationPlatforms) = preSolution
		Debug|Any CPU = Debug|Any CPU
		Release|Any CPU = Release|Any CPU
	EndGlobalSection
	GlobalSection(ProjectConfigurationPlatforms) = postSolution
		{40C3345A-8B20-4C56-8D49-56C528C2F616}.Debug|Any CPU.ActiveCfg = Debug|Any CPU
		{40C3345A-8B20-4C56-8D49-56C528C2F616}.Debug|Any CPU.Build.0 = Debug|Any CPU
		{40C3345A-8B20-4C56-8D49-56C528C2F616}.Release|Any CPU.ActiveCfg = Release|Any CPU
		{40C3345A-8B20-4C56-8D49-56C528C2F616}.Release|Any CPU.Build.0 = Release|Any CPU
		{B83BE816-9DCF-43E6-927A-7D993BA362D5}.Debug|Any CPU.ActiveCfg = Debug|Any CPU
		{B83BE816-9DCF-43E6-927A-7D993BA362D5}.Debug|Any CPU.Build.0 = Debug|Any CPU
		{B83BE816-9DCF-43E6-927A-7D993BA362D5}.Release|Any CPU.ActiveCfg = Release|Any CPU
		{B83BE816-9DCF-43E6-927A-7D993BA362D5}.Release|Any CPU.Build.0 = Release|Any CPU
		{0451F7D4-E143-4ADC-81E4-E9C8A00B92A7}.Debug|Any CPU.ActiveCfg = Debug|Any CPU
		{0451F7D4-E143-4ADC-81E4-E9C8A00B92A7}.Debug|Any CPU.Build.0 = Debug|Any CPU
		{0451F7D4-E143-4ADC-81E4-E9C8A00B92A7}.Release|Any CPU.ActiveCfg = Release|Any CPU
		{0451F7D4-E143-4ADC-81E4-E9C8A00B92A7}.Release|Any CPU.Build.0 = Release|Any CPU
		{2BEC384E-4C13-4A0F-93A4-A768C66AD7FE}.Debug|Any CPU.ActiveCfg = Debug|Any CPU
		{2BEC384E-4C13-4A0F-93A4-A768C66AD7FE}.Debug|Any CPU.Build.0 = Debug|Any CPU
		{2BEC384E-4C13-4A0F-93A4-A768C66AD7FE}.Release|Any CPU.ActiveCfg = Release|Any CPU
		{2BEC384E-4C13-4A0F-93A4-A768C66AD7FE}.Release|Any CPU.Build.0 = Release|Any CPU
	EndGlobalSection
	GlobalSection(NestedProjects) = preSolution
		{40C3345A-8B20-4C56-8D49-56C528C2F616} = {A8F1BF1D-4E8D-4B8C-8268-945453677C28}
		{B83BE816-9DCF-43E6-927A-7D993BA362D5} = {A8F1BF1D-4E8D-4B8C-8268-945453677C28}
		{0451F7D4-E143-4ADC-81E4-E9C8A00B92A7} = {A8F1BF1D-4E8D-4B8C-8268-945453677C28}
		{2BEC384E-4C13-4A0F-93A4-A768C66AD7FE} = {A8F1BF1D-4E8D-4B8C-8268-945453677C28}
	EndGlobalSection
EndGlobal
